
Microsoft Visual Studio Solution File, Format Version 12.00
# Visual Studio 15
VisualStudioVersion = 15.0.35431.46
MinimumVisualStudioVersion = 10.0.40219.1
Project("{FAE04EC0-301F-11D3-BF4B-00C04F79EFBC}") = "CAtasks", "CAtasks\CAtasks.csproj", "{CD18CEF0-836F-4341-8B29-14D4899DF407}"
EndProject
Project("{FAE04EC0-301F-11D3-BF4B-00C04F79EFBC}") = "CApractice", "CApractice\CApractice.csproj", "{2888AE72-B6CE-4043-BA51-2B76BEB5D88A}"
EndProject
Project("{FAE04EC0-301F-11D3-BF4B-00C04F79EFBC}") = "CAMethods&Functions", "CAMethods&Functions\CAMethods&Functions.csproj", "{34B7BECE-88EB-4CAC-9851-9222F5C37997}"
EndProject
Project("{FAE04EC0-301F-11D3-BF4B-00C04F79EFBC}") = "CAoops", "CAoops\CAoops.csproj", "{EBA9CCAE-137D-48F2-AB3D-5485E0448D9F}"
EndProject
Project("{FAE04EC0-301F-11D3-BF4B-00C04F79EFBC}") = "CACode", "CACode\CACode.csproj", "{CC3E22D9-A976-45C1-811F-39CBFB00E395}"
EndProject
Project("{FAE04EC0-301F-11D3-BF4B-00C04F79EFBC}") = "CAdatabase", "CAdatabase\CAdatabase.csproj", "{58DF1B97-2FB3-4200-B324-D7FB9D848233}"
EndProject
Project("{FAE04EC0-301F-11D3-BF4B-00C04F79EFBC}") = "MiniProject-ShoppingCart", "MiniProject-ShoppingCart\MiniProject-ShoppingCart.csproj", "{5410E359-AE32-433E-BB8B-159BDC7EA50A}"
EndProject
Project("{FAE04EC0-301F-11D3-BF4B-00C04F79EFBC}") = "CALinQ", "CALinQ\CALinQ.csproj", "{ED354F49-746D-4C98-9A6B-6B9D5DA43281}"
EndProject
Project("{FAE04EC0-301F-11D3-BF4B-00C04F79EFBC}") = "CARevise", "CARevise\CARevise.csproj", "{C619756D-1525-433F-87B9-43FBE8FB9517}"
EndProject
Global
	GlobalSection(SolutionConfigurationPlatforms) = preSolution
		Debug|Any CPU = Debug|Any CPU
		Release|Any CPU = Release|Any CPU
	EndGlobalSection
	GlobalSection(ProjectConfigurationPlatforms) = postSolution
		{CD18CEF0-836F-4341-8B29-14D4899DF407}.Debug|Any CPU.ActiveCfg = Debug|Any CPU
		{CD18CEF0-836F-4341-8B29-14D4899DF407}.Debug|Any CPU.Build.0 = Debug|Any CPU
		{CD18CEF0-836F-4341-8B29-14D4899DF407}.Release|Any CPU.ActiveCfg = Release|Any CPU
		{CD18CEF0-836F-4341-8B29-14D4899DF407}.Release|Any CPU.Build.0 = Release|Any CPU
		{2888AE72-B6CE-4043-BA51-2B76BEB5D88A}.Debug|Any CPU.ActiveCfg = Debug|Any CPU
		{2888AE72-B6CE-4043-BA51-2B76BEB5D88A}.Debug|Any CPU.Build.0 = Debug|Any CPU
		{2888AE72-B6CE-4043-BA51-2B76BEB5D88A}.Release|Any CPU.ActiveCfg = Release|Any CPU
		{2888AE72-B6CE-4043-BA51-2B76BEB5D88A}.Release|Any CPU.Build.0 = Release|Any CPU
		{34B7BECE-88EB-4CAC-9851-9222F5C37997}.Debug|Any CPU.ActiveCfg = Debug|Any CPU
		{34B7BECE-88EB-4CAC-9851-9222F5C37997}.Debug|Any CPU.Build.0 = Debug|Any CPU
		{34B7BECE-88EB-4CAC-9851-9222F5C37997}.Release|Any CPU.ActiveCfg = Release|Any CPU
		{34B7BECE-88EB-4CAC-9851-9222F5C37997}.Release|Any CPU.Build.0 = Release|Any CPU
		{EBA9CCAE-137D-48F2-AB3D-5485E0448D9F}.Debug|Any CPU.ActiveCfg = Debug|Any CPU
		{EBA9CCAE-137D-48F2-AB3D-5485E0448D9F}.Debug|Any CPU.Build.0 = Debug|Any CPU
		{EBA9CCAE-137D-48F2-AB3D-5485E0448D9F}.Release|Any CPU.ActiveCfg = Release|Any CPU
		{EBA9CCAE-137D-48F2-AB3D-5485E0448D9F}.Release|Any CPU.Build.0 = Release|Any CPU
		{CC3E22D9-A976-45C1-811F-39CBFB00E395}.Debug|Any CPU.ActiveCfg = Debug|Any CPU
		{CC3E22D9-A976-45C1-811F-39CBFB00E395}.Debug|Any CPU.Build.0 = Debug|Any CPU
		{CC3E22D9-A976-45C1-811F-39CBFB00E395}.Release|Any CPU.ActiveCfg = Release|Any CPU
		{CC3E22D9-A976-45C1-811F-39CBFB00E395}.Release|Any CPU.Build.0 = Release|Any CPU
		{58DF1B97-2FB3-4200-B324-D7FB9D848233}.Debug|Any CPU.ActiveCfg = Debug|Any CPU
		{58DF1B97-2FB3-4200-B324-D7FB9D848233}.Debug|Any CPU.Build.0 = Debug|Any CPU
		{58DF1B97-2FB3-4200-B324-D7FB9D848233}.Release|Any CPU.ActiveCfg = Release|Any CPU
		{58DF1B97-2FB3-4200-B324-D7FB9D848233}.Release|Any CPU.Build.0 = Release|Any CPU
		{5410E359-AE32-433E-BB8B-159BDC7EA50A}.Debug|Any CPU.ActiveCfg = Debug|Any CPU
		{5410E359-AE32-433E-BB8B-159BDC7EA50A}.Debug|Any CPU.Build.0 = Debug|Any CPU
		{5410E359-AE32-433E-BB8B-159BDC7EA50A}.Release|Any CPU.ActiveCfg = Release|Any CPU
		{5410E359-AE32-433E-BB8B-159BDC7EA50A}.Release|Any CPU.Build.0 = Release|Any CPU
		{ED354F49-746D-4C98-9A6B-6B9D5DA43281}.Debug|Any CPU.ActiveCfg = Debug|Any CPU
		{ED354F49-746D-4C98-9A6B-6B9D5DA43281}.Debug|Any CPU.Build.0 = Debug|Any CPU
		{ED354F49-746D-4C98-9A6B-6B9D5DA43281}.Release|Any CPU.ActiveCfg = Release|Any CPU
		{ED354F49-746D-4C98-9A6B-6B9D5DA43281}.Release|Any CPU.Build.0 = Release|Any CPU
		{C619756D-1525-433F-87B9-43FBE8FB9517}.Debug|Any CPU.ActiveCfg = Debug|Any CPU
		{C619756D-1525-433F-87B9-43FBE8FB9517}.Debug|Any CPU.Build.0 = Debug|Any CPU
		{C619756D-1525-433F-87B9-43FBE8FB9517}.Release|Any CPU.ActiveCfg = Release|Any CPU
		{C619756D-1525-433F-87B9-43FBE8FB9517}.Release|Any CPU.Build.0 = Release|Any CPU
	EndGlobalSection
	GlobalSection(SolutionProperties) = preSolution
		HideSolutionNode = FALSE
	EndGlobalSection
	GlobalSection(ExtensibilityGlobals) = postSolution
		SolutionGuid = {85949A3B-07BB-4624-9DEC-7D772FB466CE}
	EndGlobalSection
EndGlobal
