
Microsoft Visual Studio Solution File, Format Version 12.00
# Visual Studio Version 17
VisualStudioVersion = 17.11.35312.102
MinimumVisualStudioVersion = 10.0.40219.1
Project("{FAE04EC0-301F-11D3-BF4B-00C04F79EFBC}") = "CAtasks", "CAtasks\CAtasks.csproj", "{CD18CEF0-836F-4341-8B29-14D4899DF407}"
EndProject
Project("{FAE04EC0-301F-11D3-BF4B-00C04F79EFBC}") = "CApractice", "CApractice\CApractice.csproj", "{2888AE72-B6CE-4043-BA51-2B76BEB5D88A}"
EndProject
Project("{FAE04EC0-301F-11D3-BF4B-00C04F79EFBC}") = "CAMethods&Functions", "CAMethods&Functions\CAMethods&Functions.csproj", "{34B7BECE-88EB-4CAC-9851-9222F5C37997}"
EndProject
Project("{FAE04EC0-301F-11D3-BF4B-00C04F79EFBC}") = "CAoops", "CAoops\CAoops.csproj", "{EBA9CCAE-137D-48F2-AB3D-5485E0448D9F}"
EndProject
Project("{FAE04EC0-301F-11D3-BF4B-00C04F79EFBC}") = "CACode", "CACode\CACode.csproj", "{CC3E22D9-A976-45C1-811F-39CBFB00E395}"
EndProject
Project("{FAE04EC0-301F-11D3-BF4B-00C04F79EFBC}") = "Git test", "Git test\Git test.csproj", "{EA23B40A-94D5-4376-B57D-4AF3D49ABE51}"
EndProject
Global
	GlobalSection(SolutionConfigurationPlatforms) = preSolution
		Debug|Any CPU = Debug|Any CPU
		Release|Any CPU = Release|Any CPU
	EndGlobalSection
	GlobalSection(ProjectConfigurationPlatforms) = postSolution
		{CD18CEF0-836F-4341-8B29-14D4899DF407}.Debug|Any CPU.ActiveCfg = Debug|Any CPU
		{CD18CEF0-836F-4341-8B29-14D4899DF407}.Debug|Any CPU.Build.0 = Debug|Any CPU
		{CD18CEF0-836F-4341-8B29-14D4899DF407}.Release|Any CPU.ActiveCfg = Release|Any CPU
		{CD18CEF0-836F-4341-8B29-14D4899DF407}.Release|Any CPU.Build.0 = Release|Any CPU
		{2888AE72-B6CE-4043-BA51-2B76BEB5D88A}.Debug|Any CPU.ActiveCfg = Debug|Any CPU
		{2888AE72-B6CE-4043-BA51-2B76BEB5D88A}.Debug|Any CPU.Build.0 = Debug|Any CPU
		{2888AE72-B6CE-4043-BA51-2B76BEB5D88A}.Release|Any CPU.ActiveCfg = Release|Any CPU
		{2888AE72-B6CE-4043-BA51-2B76BEB5D88A}.Release|Any CPU.Build.0 = Release|Any CPU
		{34B7BECE-88EB-4CAC-9851-9222F5C37997}.Debug|Any CPU.ActiveCfg = Debug|Any CPU
		{34B7BECE-88EB-4CAC-9851-9222F5C37997}.Debug|Any CPU.Build.0 = Debug|Any CPU
		{34B7BECE-88EB-4CAC-9851-9222F5C37997}.Release|Any CPU.ActiveCfg = Release|Any CPU
		{34B7BECE-88EB-4CAC-9851-9222F5C37997}.Release|Any CPU.Build.0 = Release|Any CPU
		{EBA9CCAE-137D-48F2-AB3D-5485E0448D9F}.Debug|Any CPU.ActiveCfg = Debug|Any CPU
		{EBA9CCAE-137D-48F2-AB3D-5485E0448D9F}.Debug|Any CPU.Build.0 = Debug|Any CPU
		{EBA9CCAE-137D-48F2-AB3D-5485E0448D9F}.Release|Any CPU.ActiveCfg = Release|Any CPU
		{EBA9CCAE-137D-48F2-AB3D-5485E0448D9F}.Release|Any CPU.Build.0 = Release|Any CPU
		{CC3E22D9-A976-45C1-811F-39CBFB00E395}.Debug|Any CPU.ActiveCfg = Debug|Any CPU
		{CC3E22D9-A976-45C1-811F-39CBFB00E395}.Debug|Any CPU.Build.0 = Debug|Any CPU
		{CC3E22D9-A976-45C1-811F-39CBFB00E395}.Release|Any CPU.ActiveCfg = Release|Any CPU
		{CC3E22D9-A976-45C1-811F-39CBFB00E395}.Release|Any CPU.Build.0 = Release|Any CPU
		{EA23B40A-94D5-4376-B57D-4AF3D49ABE51}.Debug|Any CPU.ActiveCfg = Debug|Any CPU
		{EA23B40A-94D5-4376-B57D-4AF3D49ABE51}.Debug|Any CPU.Build.0 = Debug|Any CPU
		{EA23B40A-94D5-4376-B57D-4AF3D49ABE51}.Release|Any CPU.ActiveCfg = Release|Any CPU
		{EA23B40A-94D5-4376-B57D-4AF3D49ABE51}.Release|Any CPU.Build.0 = Release|Any CPU
	EndGlobalSection
	GlobalSection(SolutionProperties) = preSolution
		HideSolutionNode = FALSE
	EndGlobalSection
	GlobalSection(ExtensibilityGlobals) = postSolution
		SolutionGuid = {85949A3B-07BB-4624-9DEC-7D772FB466CE}
	EndGlobalSection
EndGlobal
